PODS:
  - FTLinearActivityIndicator (1.4)

DEPENDENCIES:
  - FTLinearActivityIndicator (from `../`)

EXTERNAL SOURCES:
  FTLinearActivityIndicator:
    :path: "../"

SPEC CHECKSUMS:
  FTLinearActivityIndicator: 572f5f623e357181d94731e63a406db683ec177b

PODFILE CHECKSUM: d653595fcbe53f0d4160295f6c50f84621e4a209

COCOAPODS: 1.10.1
