PODS:
  - FTLinearActivityIndicator (1.1)

DEPENDENCIES:
  - FTLinearActivityIndicator (from `../`)

EXTERNAL SOURCES:
  FTLinearActivityIndicator:
    :path: "../"

SPEC CHECKSUMS:
  FTLinearActivityIndicator: e044fb1ca7f9776a3058f64b5dfe02e1d56ba44b

PODFILE CHECKSUM: d653595fcbe53f0d4160295f6c50f84621e4a209

COCOAPODS: 1.5.3
